
Microsoft Visual Studio Solution File, Format Version 12.00
# Visual Studio Version 17
VisualStudioVersion = 17.11.35327.3
MinimumVisualStudioVersion = 10.0.40219.1
Project("{2150E333-8FDC-42A3-9474-1A3956D46DE8}") = "1-SchoolPro.Api", "1-SchoolPro.Api", "{09B5C693-71A9-4E87-B215-8CA706E1401E}"
EndProject
Project("{FAE04EC0-301F-11D3-BF4B-00C04F79EFBC}") = "SchoolPro.Api", "SchoolPro.Api\SchoolPro.Api.csproj", "{141F7416-1466-4951-ACDA-96A827B57FB9}"
EndProject
Global
	GlobalSection(SolutionConfigurationPlatforms) = preSolution
		Debug|Any CPU = Debug|Any CPU
		Release|Any CPU = Release|Any CPU
	EndGlobalSection
	GlobalSection(ProjectConfigurationPlatforms) = postSolution
		{141F7416-1466-4951-ACDA-96A827B57FB9}.Debug|Any CPU.ActiveCfg = Debug|Any CPU
		{141F7416-1466-4951-ACDA-96A827B57FB9}.Debug|Any CPU.Build.0 = Debug|Any CPU
		{141F7416-1466-4951-ACDA-96A827B57FB9}.Release|Any CPU.ActiveCfg = Release|Any CPU
		{141F7416-1466-4951-ACDA-96A827B57FB9}.Release|Any CPU.Build.0 = Release|Any CPU
	EndGlobalSection
	GlobalSection(SolutionProperties) = preSolution
		HideSolutionNode = FALSE
	EndGlobalSection
	GlobalSection(NestedProjects) = preSolution
		{141F7416-1466-4951-ACDA-96A827B57FB9} = {09B5C693-71A9-4E87-B215-8CA706E1401E}
	EndGlobalSection
	GlobalSection(ExtensibilityGlobals) = postSolution
		SolutionGuid = {7E40050E-10CB-4D4A-A904-12D2F1186778}
	EndGlobalSection
EndGlobal
